// !$*UTF8*$!
{
	archiveVersion = 1;
	classes = {
	};
	objectVersion = 54;
	objects = {

/* Begin PBXBuildFile section */
		13B07FBF1A68108700A75B9A /* Images.xcassets in Resources */ = {isa = PBXBuildFile; fileRef = 13B07FB51A68108700A75B9A /* Images.xcassets */; };
		3E461D99554A48A4959DE609 /* SplashScreen.storyboard in Resources */ = {isa = PBXBuildFile; fileRef = AA286B85B6C04FC6940260E9 /* SplashScreen.storyboard */; };
		7248B2D98EAACEC9C4F09163 /* ExpoModulesProvider.swift in Sources */ = {isa = PBXBuildFile; fileRef = 46DF5FDF92D33A022A1CA015 /* ExpoModulesProvider.swift */; };
		87410AB8305C08ED2B8159FA /* libPods-ShiaAthanQuran.a in Frameworks */ = {isa = PBXBuildFile; fileRef = FDA7340D7D63B65F14933666 /* libPods-ShiaAthanQuran.a */; };
		953F7B4E0EFD68704149D32C /* PrivacyInfo.xcprivacy in Resources */ = {isa = PBXBuildFile; fileRef = E341946E9AC2A45A83E54FA0 /* PrivacyInfo.xcprivacy */; };
		A70000000000000000000020 /* AthanWidgetBundle.swift in Sources */ = {isa = PBXBuildFile; fileRef = A70000000000000000000011 /* AthanWidgetBundle.swift */; };
		A70000000000000000000021 /* AthanWidgetBridge.swift in Sources */ = {isa = PBXBuildFile; fileRef = A70000000000000000000014 /* AthanWidgetBridge.swift */; };
		A70000000000000000000022 /* AthanWidgetBridge.m in Sources */ = {isa = PBXBuildFile; fileRef = A70000000000000000000015 /* AthanWidgetBridge.m */; };
		A70000000000000000000023 /* AthanWidgetExtension.appex in Embed App Extensions */ = {isa = PBXBuildFile; fileRef = A70000000000000000000010 /* AthanWidgetExtension.appex */; settings = {ATTRIBUTES = (RemoveHeadersOnCopy, ); }; };
		A1B2C3D4E5F60718293A4B5C /* ExpoUIColorPicker.m in Sources */ = {isa = PBXBuildFile; fileRef = A1B2C3D4E5F60718293A4B5D /* ExpoUIColorPicker.m */; };
		BB2F792D24A3F905000567C9 /* Expo.plist in Resources */ = {isa = PBXBuildFile; fileRef = BB2F792C24A3F905000567C9 /* Expo.plist */; };
		C1D2E3F4A5B60718293A4B5C /* CityMenuButton.m in Sources */ = {isa = PBXBuildFile; fileRef = C1D2E3F4A5B60718293A4B5D /* CityMenuButton.m */; };
		F11748422D0307B40044C1D9 /* AppDelegate.swift in Sources */ = {isa = PBXBuildFile; fileRef = F11748412D0307B40044C1D9 /* AppDelegate.swift */; };
		B2DEB8CCE7174D0AAC1C2799 /* AthanWatchApp.app in Copy Files */ = {isa = PBXBuildFile; fileRef = 60B1800A574C48A3B5F9F044 /* AthanWatchApp.app */; };
		2A1A920F161E4A268FD624DA /* AthanWatchExtension.appex in Copy Files */ = {isa = PBXBuildFile; fileRef = C2179A2852484F8E8B81712A /* AthanWatchExtension.appex */; };
		2A3EC6BC263D4B81B421F907 /* AthanWatchApp.swift in Sources */ = {isa = PBXBuildFile; fileRef = 8F62AAFA03C0486A95D3E129 /* AthanWatchApp.swift */; };
		8D65BCBA4D3E40CFA880CF1A /* AthanWatchConnectivity.swift in Sources */ = {isa = PBXBuildFile; fileRef = 22A6AC1D0D7C4846A33C64BA /* AthanWatchConnectivity.swift */; };
		11748EFA1627418A92DF81A0 /* Assets.xcassets in Resources */ = {isa = PBXBuildFile; fileRef = 9CD00D7AEE5A4FA0871045D4 /* Assets.xcassets */; };
/* End PBXBuildFile section */

/* Begin PBXContainerItemProxy section */
		A70000000000000000000060 /* PBXContainerItemProxy */ = {
			isa = PBXContainerItemProxy;
			containerPortal = 83CBB9F71A601CBA00E9B192 /* Project object */;
			proxyType = 1;
			remoteGlobalIDString = A70000000000000000000050;
			remoteInfo = AthanWidgetExtension;
		};
		C2EC035A9F3F4DF5BBDA5377 /* PBXContainerItemProxy */ = {
			isa = PBXContainerItemProxy;
			containerPortal = 83CBB9F71A601CBA00E9B192 /* Project object */;
			proxyType = 1;
			remoteGlobalIDString = DD1AC6C78AD043DD8AE76588;
			remoteInfo = "AthanWatchApp";
		};
		918EE605EEE44808B9137805 /* PBXContainerItemProxy */ = {
			isa = PBXContainerItemProxy;
			containerPortal = 83CBB9F71A601CBA00E9B192 /* Project object */;
			proxyType = 1;
			remoteGlobalIDString = 7AD503C24F0D42419F68A22E;
			remoteInfo = "AthanWatchExtension";
		};
/* End PBXContainerItemProxy section */

/* Begin PBXCopyFilesBuildPhase section */
		A70000000000000000000030 /* Embed App Extensions */ = {
			isa = PBXCopyFilesBuildPhase;
			buildActionMask = 2147483647;
			dstPath = "";
			dstSubfolderSpec = 13;
			files = (
				A70000000000000000000023 /* AthanWidgetExtension.appex in Embed App Extensions */,
			);
			name = "Embed App Extensions";
			runOnlyForDeploymentPostprocessing = 0;
		};
		06E9240DD15A41C69F888DB9 /* Embed Watch Content */ = {
			isa = PBXCopyFilesBuildPhase;
			buildActionMask = 2147483647;
			files = (
				B2DEB8CCE7174D0AAC1C2799 /* "AthanWatchApp.app" in Resources */,
			);
			runOnlyForDeploymentPostprocessing = 0;
			name = "Embed Watch Content";
			dstPath = "$(CONTENTS_FOLDER_PATH)/Watch";
			dstSubfolderSpec = 16;
		};
		6574759DF899453FA70B97EA /* Embed App Extensions */ = {
			isa = PBXCopyFilesBuildPhase;
			buildActionMask = 2147483647;
			files = (
				2A1A920F161E4A268FD624DA /* "AthanWatchExtension.appex" in Resources */,
			);
			runOnlyForDeploymentPostprocessing = 0;
			name = "Embed App Extensions";
			dstPath = "";
			dstSubfolderSpec = 13;
		};
/* End PBXCopyFilesBuildPhase section */

/* Begin PBXFileReference section */
		13B07F961A680F5B00A75B9A /* ShiaAthanQuran.app */ = {isa = PBXFileReference; explicitFileType = wrapper.application; includeInIndex = 0; path = ShiaAthanQuran.app; sourceTree = BUILT_PRODUCTS_DIR; };
		13B07FB51A68108700A75B9A /* Images.xcassets */ = {isa = PBXFileReference; lastKnownFileType = folder.assetcatalog; name = Images.xcassets; path = ShiaAthanQuran/Images.xcassets; sourceTree = "<group>"; };
		13B07FB61A68108700A75B9A /* Info.plist */ = {isa = PBXFileReference; fileEncoding = 4; lastKnownFileType = text.plist.xml; name = Info.plist; path = ShiaAthanQuran/Info.plist; sourceTree = "<group>"; };
		46DF5FDF92D33A022A1CA015 /* ExpoModulesProvider.swift */ = {isa = PBXFileReference; includeInIndex = 1; lastKnownFileType = sourcecode.swift; name = ExpoModulesProvider.swift; path = "Pods/Target Support Files/Pods-ShiaAthanQuran/ExpoModulesProvider.swift"; sourceTree = "<group>"; };
		48AFDBC56931C21345FF163F /* Pods-ShiaAthanQuran.release.xcconfig */ = {isa = PBXFileReference; includeInIndex = 1; lastKnownFileType = text.xcconfig; name = "Pods-ShiaAthanQuran.release.xcconfig"; path = "Target Support Files/Pods-ShiaAthanQuran/Pods-ShiaAthanQuran.release.xcconfig"; sourceTree = "<group>"; };
		A70000000000000000000010 /* AthanWidgetExtension.appex */ = {isa = PBXFileReference; explicitFileType = "wrapper.app-extension"; includeInIndex = 0; path = AthanWidgetExtension.appex; sourceTree = BUILT_PRODUCTS_DIR; };
		A70000000000000000000011 /* AthanWidgetBundle.swift */ = {isa = PBXFileReference; lastKnownFileType = sourcecode.swift; path = AthanWidgetBundle.swift; sourceTree = "<group>"; };
		A70000000000000000000012 /* Info.plist */ = {isa = PBXFileReference; lastKnownFileType = text.plist.xml; path = Info.plist; sourceTree = "<group>"; };
		A70000000000000000000013 /* AthanWidgetExtension.entitlements */ = {isa = PBXFileReference; lastKnownFileType = text.plist.entitlements; path = AthanWidgetExtension.entitlements; sourceTree = "<group>"; };
		A70000000000000000000014 /* AthanWidgetBridge.swift */ = {isa = PBXFileReference; lastKnownFileType = sourcecode.swift; name = AthanWidgetBridge.swift; path = ShiaAthanQuran/AthanWidgetBridge.swift; sourceTree = "<group>"; };
		A70000000000000000000015 /* AthanWidgetBridge.m */ = {isa = PBXFileReference; lastKnownFileType = sourcecode.c.objc; name = AthanWidgetBridge.m; path = ShiaAthanQuran/AthanWidgetBridge.m; sourceTree = "<group>"; };
		A1B2C3D4E5F60718293A4B5D /* ExpoUIColorPicker.m */ = {isa = PBXFileReference; lastKnownFileType = sourcecode.c.objc; name = ExpoUIColorPicker.m; path = ShiaAthanQuran/ExpoUIColorPicker.m; sourceTree = "<group>"; };
		AA286B85B6C04FC6940260E9 /* SplashScreen.storyboard */ = {isa = PBXFileReference; fileEncoding = 4; lastKnownFileType = file.storyboard; name = SplashScreen.storyboard; path = ShiaAthanQuran/SplashScreen.storyboard; sourceTree = "<group>"; };
		BB2F792C24A3F905000567C9 /* Expo.plist */ = {isa = PBXFileReference; fileEncoding = 4; lastKnownFileType = text.plist.xml; path = Expo.plist; sourceTree = "<group>"; };
		C1D2E3F4A5B60718293A4B5D /* CityMenuButton.m */ = {isa = PBXFileReference; lastKnownFileType = sourcecode.c.objc; name = CityMenuButton.m; path = ShiaAthanQuran/CityMenuButton.m; sourceTree = "<group>"; };
		DE3B7BB5D4255D38AA917E08 /* Pods-ShiaAthanQuran.debug.xcconfig */ = {isa = PBXFileReference; includeInIndex = 1; lastKnownFileType = text.xcconfig; name = "Pods-ShiaAthanQuran.debug.xcconfig"; path = "Target Support Files/Pods-ShiaAthanQuran/Pods-ShiaAthanQuran.debug.xcconfig"; sourceTree = "<group>"; };
		E341946E9AC2A45A83E54FA0 /* PrivacyInfo.xcprivacy */ = {isa = PBXFileReference; includeInIndex = 1; name = PrivacyInfo.xcprivacy; path = ShiaAthanQuran/PrivacyInfo.xcprivacy; sourceTree = "<group>"; };
		ED297162215061F000B7C4FE /* JavaScriptCore.framework */ = {isa = PBXFileReference; lastKnownFileType = wrapper.framework; name = JavaScriptCore.framework; path = System/Library/Frameworks/JavaScriptCore.framework; sourceTree = SDKROOT; };
		F11748412D0307B40044C1D9 /* AppDelegate.swift */ = {isa = PBXFileReference; lastKnownFileType = sourcecode.swift; name = AppDelegate.swift; path = ShiaAthanQuran/AppDelegate.swift; sourceTree = "<group>"; };
		F11748442D0722820044C1D9 /* ShiaAthanQuran-Bridging-Header.h */ = {isa = PBXFileReference; lastKnownFileType = sourcecode.c.h; name = "ShiaAthanQuran-Bridging-Header.h"; path = "ShiaAthanQuran/ShiaAthanQuran-Bridging-Header.h"; sourceTree = "<group>"; };
		FDA7340D7D63B65F14933666 /* libPods-ShiaAthanQuran.a */ = {isa = PBXFileReference; explicitFileType = archive.ar; includeInIndex = 0; path = "libPods-ShiaAthanQuran.a"; sourceTree = BUILT_PRODUCTS_DIR; };
		60B1800A574C48A3B5F9F044 /* AthanWatchApp.app */ = {isa = PBXFileReference; name = "AthanWatchApp.app"; path = "AthanWatchApp.app"; sourceTree = BUILT_PRODUCTS_DIR; fileEncoding = undefined; lastKnownFileType = undefined; explicitFileType = "wrapper.application"; includeInIndex = 0; };
		C2179A2852484F8E8B81712A /* AthanWatchExtension.appex */ = {isa = PBXFileReference; name = "AthanWatchExtension.appex"; path = "AthanWatchExtension.appex"; sourceTree = BUILT_PRODUCTS_DIR; fileEncoding = undefined; lastKnownFileType = undefined; explicitFileType = "wrapper.app-extension"; includeInIndex = 0; };
		D6E6D103B8E94BB6A055985C /* Info.plist */ = {isa = PBXFileReference; name = "Info.plist"; path = "Info.plist"; sourceTree = "<group>"; fileEncoding = 4; lastKnownFileType = text.plist.xml; explicitFileType = undefined; includeInIndex = 0; };
		6BDBC7D711C0483598FFA500 /* Info.plist */ = {isa = PBXFileReference; name = "Info.plist"; path = "Info.plist"; sourceTree = "<group>"; fileEncoding = 4; lastKnownFileType = text.plist.xml; explicitFileType = undefined; includeInIndex = 0; };
		EDDA693CB9BA46C9BA668B4C /* AthanWatchExtension.entitlements */ = {isa = PBXFileReference; name = "AthanWatchExtension.entitlements"; path = "AthanWatchExtension.entitlements"; sourceTree = "<group>"; fileEncoding = undefined; lastKnownFileType = unknown; explicitFileType = undefined; includeInIndex = 0; };
		8F62AAFA03C0486A95D3E129 /* AthanWatchApp.swift */ = {isa = PBXFileReference; name = "AthanWatchApp.swift"; path = "AthanWatchApp.swift"; sourceTree = "<group>"; fileEncoding = 4; lastKnownFileType = sourcecode.swift; explicitFileType = undefined; includeInIndex = 0; };
		22A6AC1D0D7C4846A33C64BA /* AthanWatchConnectivity.swift */ = {isa = PBXFileReference; name = "AthanWatchConnectivity.swift"; path = "AthanWatchConnectivity.swift"; sourceTree = "<group>"; fileEncoding = 4; lastKnownFileType = sourcecode.swift; explicitFileType = undefined; includeInIndex = 0; };
		9CD00D7AEE5A4FA0871045D4 /* Assets.xcassets */ = {isa = PBXFileReference; name = "Assets.xcassets"; path = "Assets.xcassets"; sourceTree = "<group>"; fileEncoding = undefined; lastKnownFileType = folder.assetcatalog; explicitFileType = undefined; includeInIndex = 0; };
/* End PBXFileReference section */

/* Begin PBXFrameworksBuildPhase section */
		13B07F8C1A680F5B00A75B9A /* Frameworks */ = {
			isa = PBXFrameworksBuildPhase;
			buildActionMask = 2147483647;
			files = (
				87410AB8305C08ED2B8159FA /* libPods-ShiaAthanQuran.a in Frameworks */,
			);
			runOnlyForDeploymentPostprocessing = 0;
		};
		A70000000000000000000032 /* Frameworks */ = {
			isa = PBXFrameworksBuildPhase;
			buildActionMask = 2147483647;
			files = (
			);
			runOnlyForDeploymentPostprocessing = 0;
		};
		1DA00C6669CF4D20AD9F4A77 /* Frameworks */ = {
			isa = PBXFrameworksBuildPhase;
			buildActionMask = 2147483647;
			files = (
			);
			runOnlyForDeploymentPostprocessing = 0;
		};
		3452702E2B76454E95EE1864 /* Frameworks */ = {
			isa = PBXFrameworksBuildPhase;
			buildActionMask = 2147483647;
			files = (
			);
			runOnlyForDeploymentPostprocessing = 0;
		};
/* End PBXFrameworksBuildPhase section */

/* Begin PBXGroup section */
		13B07FAE1A68108700A75B9A /* ShiaAthanQuran */ = {
			isa = PBXGroup;
			children = (
				F11748412D0307B40044C1D9 /* AppDelegate.swift */,
				A70000000000000000000014 /* AthanWidgetBridge.swift */,
				A70000000000000000000015 /* AthanWidgetBridge.m */,
				A1B2C3D4E5F60718293A4B5D /* ExpoUIColorPicker.m */,
				C1D2E3F4A5B60718293A4B5D /* CityMenuButton.m */,
				F11748442D0722820044C1D9 /* ShiaAthanQuran-Bridging-Header.h */,
				BB2F792B24A3F905000567C9 /* Supporting */,
				13B07FB51A68108700A75B9A /* Images.xcassets */,
				13B07FB61A68108700A75B9A /* Info.plist */,
				AA286B85B6C04FC6940260E9 /* SplashScreen.storyboard */,
				E341946E9AC2A45A83E54FA0 /* PrivacyInfo.xcprivacy */,
			);
			name = ShiaAthanQuran;
			sourceTree = "<group>";
		};
		1C931DB41A91CC5C5B8E027F /* Pods */ = {
			isa = PBXGroup;
			children = (
				DE3B7BB5D4255D38AA917E08 /* Pods-ShiaAthanQuran.debug.xcconfig */,
				48AFDBC56931C21345FF163F /* Pods-ShiaAthanQuran.release.xcconfig */,
			);
			name = Pods;
			path = Pods;
			sourceTree = "<group>";
		};
		2588D74A6782545568C988D2 /* ExpoModulesProviders */ = {
			isa = PBXGroup;
			children = (
				BD71AC32244743B8E7CA0E28 /* ShiaAthanQuran */,
			);
			name = ExpoModulesProviders;
			sourceTree = "<group>";
		};
		2D16E6871FA4F8E400B85C8A /* Frameworks */ = {
			isa = PBXGroup;
			children = (
				ED297162215061F000B7C4FE /* JavaScriptCore.framework */,
				FDA7340D7D63B65F14933666 /* libPods-ShiaAthanQuran.a */,
			);
			name = Frameworks;
			sourceTree = "<group>";
		};
		832341AE1AAA6A7D00B99B32 /* Libraries */ = {
			isa = PBXGroup;
			children = (
			);
			name = Libraries;
			sourceTree = "<group>";
		};
		A70000000000000000000040 /* AthanWidgetExtension */ = {
			isa = PBXGroup;
			children = (
				A70000000000000000000011 /* AthanWidgetBundle.swift */,
				A70000000000000000000012 /* Info.plist */,
				A70000000000000000000013 /* AthanWidgetExtension.entitlements */,
			);
			path = AthanWidgetExtension;
			sourceTree = "<group>";
		};
		83CBB9F61A601CBA00E9B192 = {
			isa = PBXGroup;
			children = (
				13B07FAE1A68108700A75B9A /* ShiaAthanQuran */,
				A70000000000000000000040 /* AthanWidgetExtension */,
				832341AE1AAA6A7D00B99B32 /* Libraries */,
				83CBBA001A601CBA00E9B192 /* Products */,
				2D16E6871FA4F8E400B85C8A /* Frameworks */,
				1C931DB41A91CC5C5B8E027F /* Pods */,
				2588D74A6782545568C988D2 /* ExpoModulesProviders */,
				C2FEB56D0093487AA28DED95 /* AthanWatchApp */,
				247E9846C15C465F893E7C87 /* AthanWatchExtension */,
			);
			indentWidth = 2;
			sourceTree = "<group>";
			tabWidth = 2;
			usesTabs = 0;
		};
		83CBBA001A601CBA00E9B192 /* Products */ = {
			isa = PBXGroup;
			children = (
				13B07F961A680F5B00A75B9A /* ShiaAthanQuran.app */,
				A70000000000000000000010 /* AthanWidgetExtension.appex */,
				60B1800A574C48A3B5F9F044 /* AthanWatchApp.app */,
				C2179A2852484F8E8B81712A /* AthanWatchExtension.appex */,
			);
			name = Products;
			sourceTree = "<group>";
		};
		BB2F792B24A3F905000567C9 /* Supporting */ = {
			isa = PBXGroup;
			children = (
				BB2F792C24A3F905000567C9 /* Expo.plist */,
			);
			name = Supporting;
			path = ShiaAthanQuran/Supporting;
			sourceTree = "<group>";
		};
		BD71AC32244743B8E7CA0E28 /* ShiaAthanQuran */ = {
			isa = PBXGroup;
			children = (
				46DF5FDF92D33A022A1CA015 /* ExpoModulesProvider.swift */,
			);
			name = ShiaAthanQuran;
			sourceTree = "<group>";
		};
		C2FEB56D0093487AA28DED95 /* AthanWatchApp */ = {
			isa = PBXGroup;
			children = (
				D6E6D103B8E94BB6A055985C /* Info.plist */,
			);
			name = AthanWatchApp;
			path = AthanWatchApp;
			sourceTree = "<group>";
		};
		247E9846C15C465F893E7C87 /* AthanWatchExtension */ = {
			isa = PBXGroup;
			children = (
				6BDBC7D711C0483598FFA500 /* Info.plist */,
				EDDA693CB9BA46C9BA668B4C /* AthanWatchExtension.entitlements */,
				8F62AAFA03C0486A95D3E129 /* AthanWatchApp.swift */,
				22A6AC1D0D7C4846A33C64BA /* AthanWatchConnectivity.swift */,
				9CD00D7AEE5A4FA0871045D4 /* Assets.xcassets */,
			);
			name = AthanWatchExtension;
			path = AthanWatchExtension;
			sourceTree = "<group>";
		};
/* End PBXGroup section */

/* Begin PBXNativeTarget section */
		13B07F861A680F5B00A75B9A /* ShiaAthanQuran */ = {
			isa = PBXNativeTarget;
			buildConfigurationList = 13B07F931A680F5B00A75B9A /* Build configuration list for PBXNativeTarget "ShiaAthanQuran" */;
				buildPhases = (
					08A4A3CD28434E44B6B9DE2E /* [CP] Check Pods Manifest.lock */,
					66B37EF9BA24B0C915BEE41B /* [Expo] Configure project */,
					13B07F871A680F5B00A75B9A /* Sources */,
					13B07F8C1A680F5B00A75B9A /* Frameworks */,
					13B07F8E1A680F5B00A75B9A /* Resources */,
					A70000000000000000000030 /* Embed App Extensions */,
					06E9240DD15A41C69F888DB9 /* Embed Watch Content */,
					00DD1BFF1BD5951E006B06BC /* Bundle React Native code and images */,
					800E24972A6A228C8D4807E9 /* [CP] Copy Pods Resources */,
					E21E3161CFD60156FCD39621 /* [CP] Embed Pods Frameworks */,
				);
			buildRules = (
			);
				dependencies = (
					A70000000000000000000061 /* PBXTargetDependency */,
					D272AF72DBF64567BBED807B /* PBXTargetDependency */,
				);
			name = ShiaAthanQuran;
			productName = ShiaAthanQuran;
			productReference = 13B07F961A680F5B00A75B9A /* ShiaAthanQuran.app */;
			productType = "com.apple.product-type.application";
		};
		A70000000000000000000050 /* AthanWidgetExtension */ = {
			isa = PBXNativeTarget;
			buildConfigurationList = A70000000000000000000051 /* Build configuration list for PBXNativeTarget "AthanWidgetExtension" */;
			buildPhases = (
				A70000000000000000000031 /* Sources */,
				A70000000000000000000032 /* Frameworks */,
				A70000000000000000000033 /* Resources */,
			);
			buildRules = (
			);
			dependencies = (
			);
			name = AthanWidgetExtension;
			productName = AthanWidgetExtension;
			productReference = A70000000000000000000010 /* AthanWidgetExtension.appex */;
			productType = "com.apple.product-type.app-extension";
		};
		DD1AC6C78AD043DD8AE76588 /* "AthanWatchApp" */ = {
			isa = PBXNativeTarget;
			name = "AthanWatchApp";
			productName = "AthanWatchApp";
			productReference = 60B1800A574C48A3B5F9F044;
			productType = "com.apple.product-type.application.watchapp2";
			buildConfigurationList = C3177F55398946E5A0CA4F4A;
			buildPhases = (
				6574759DF899453FA70B97EA /* Embed App Extensions */,
				C4FBFEED0FD84166A7CAE7E3 /* Sources */,
				1DA00C6669CF4D20AD9F4A77 /* Frameworks */,
				24D2CC7AD6BD4C13B6DAC36E /* Resources */,
			);
			buildRules = (
			);
			dependencies = (
				A5377C15723A46B7964CD0D2 /* PBXTargetDependency */,
			);
		};
		7AD503C24F0D42419F68A22E /* "AthanWatchExtension" */ = {
			isa = PBXNativeTarget;
			name = "AthanWatchExtension";
			productName = "AthanWatchExtension";
			productReference = C2179A2852484F8E8B81712A;
			productType = "com.apple.product-type.watchkit2-extension";
			buildConfigurationList = F0437620DB05485688BDA395;
			buildPhases = (
				EE86DE9654DF4B579D4BD564 /* Sources */,
				3452702E2B76454E95EE1864 /* Frameworks */,
				B9916985FD214539A05FBFE5 /* Resources */,
			);
			buildRules = (
			);
			dependencies = (
			);
		};
/* End PBXNativeTarget section */

/* Begin PBXProject section */
		83CBB9F71A601CBA00E9B192 /* Project object */ = {
			isa = PBXProject;
			attributes = {
				LastUpgradeCheck = 1130;
				TargetAttributes = {
					13B07F861A680F5B00A75B9A = {
						LastSwiftMigration = 1250;
					};
					A70000000000000000000050 = {
						LastSwiftMigration = 1250;
					};
					DD1AC6C78AD043DD8AE76588 = {
						LastSwiftMigration = 1250;
					};
					7AD503C24F0D42419F68A22E = {
						LastSwiftMigration = 1250;
					};
				};
			};
			buildConfigurationList = 83CBB9FA1A601CBA00E9B192 /* Build configuration list for PBXProject "ShiaAthanQuran" */;
			compatibilityVersion = "Xcode 3.2";
			developmentRegion = en;
			hasScannedForEncodings = 0;
			knownRegions = (
				en,
				Base,
			);
			mainGroup = 83CBB9F61A601CBA00E9B192;
			productRefGroup = 83CBBA001A601CBA00E9B192 /* Products */;
			projectDirPath = "";
			projectRoot = "";
			targets = (
				13B07F861A680F5B00A75B9A /* ShiaAthanQuran */,
				A70000000000000000000050 /* AthanWidgetExtension */,
				DD1AC6C78AD043DD8AE76588 /* "AthanWatchApp" */,
				7AD503C24F0D42419F68A22E /* "AthanWatchExtension" */,
			);
		};
/* End PBXProject section */

/* Begin PBXResourcesBuildPhase section */
		13B07F8E1A680F5B00A75B9A /* Resources */ = {
			isa = PBXResourcesBuildPhase;
			buildActionMask = 2147483647;
			files = (
				BB2F792D24A3F905000567C9 /* Expo.plist in Resources */,
				13B07FBF1A68108700A75B9A /* Images.xcassets in Resources */,
				3E461D99554A48A4959DE609 /* SplashScreen.storyboard in Resources */,
				953F7B4E0EFD68704149D32C /* PrivacyInfo.xcprivacy in Resources */,
			);
			runOnlyForDeploymentPostprocessing = 0;
		};
		A70000000000000000000033 /* Resources */ = {
			isa = PBXResourcesBuildPhase;
			buildActionMask = 2147483647;
			files = (
			);
			runOnlyForDeploymentPostprocessing = 0;
		};
		24D2CC7AD6BD4C13B6DAC36E /* Resources */ = {
			isa = PBXResourcesBuildPhase;
			buildActionMask = 2147483647;
			files = (
			);
			runOnlyForDeploymentPostprocessing = 0;
		};
		B9916985FD214539A05FBFE5 /* Resources */ = {
			isa = PBXResourcesBuildPhase;
			buildActionMask = 2147483647;
			files = (
				11748EFA1627418A92DF81A0 /* Assets.xcassets in Resources */,
			);
			runOnlyForDeploymentPostprocessing = 0;
		};
/* End PBXResourcesBuildPhase section */

/* Begin PBXShellScriptBuildPhase section */
		00DD1BFF1BD5951E006B06BC /* Bundle React Native code and images */ = {
			isa = PBXShellScriptBuildPhase;
			alwaysOutOfDate = 1;
			buildActionMask = 2147483647;
			files = (
			);
			inputPaths = (
				"$(SRCROOT)/.xcode.env",
				"$(SRCROOT)/.xcode.env.local",
			);
			name = "Bundle React Native code and images";
			outputPaths = (
			);
			runOnlyForDeploymentPostprocessing = 0;
			shellPath = /bin/sh;
			shellScript = "if [[ -f \"$PODS_ROOT/../.xcode.env\" ]]; then\n  source \"$PODS_ROOT/../.xcode.env\"\nfi\nif [[ -f \"$PODS_ROOT/../.xcode.env.local\" ]]; then\n  source \"$PODS_ROOT/../.xcode.env.local\"\nfi\n\n# The project root by default is one level up from the ios directory\nexport PROJECT_ROOT=\"$PROJECT_DIR\"/..\n\nif [[ \"$CONFIGURATION\" = *Debug* ]]; then\n  export SKIP_BUNDLING=1\nfi\nif [[ -z \"$ENTRY_FILE\" ]]; then\n  # Set the entry JS file using the bundler's entry resolution.\n  export ENTRY_FILE=\"$(\"$NODE_BINARY\" -e \"require('expo/scripts/resolveAppEntry')\" \"$PROJECT_ROOT\" ios absolute | tail -n 1)\"\nfi\n\nif [[ -z \"$CLI_PATH\" ]]; then\n  # Use Expo CLI\n  export CLI_PATH=\"$(\"$NODE_BINARY\" --print \"require.resolve('@expo/cli', { paths: [require.resolve('expo/package.json')] })\")\"\nfi\nif [[ -z \"$BUNDLE_COMMAND\" ]]; then\n  # Default Expo CLI command for bundling\n  export BUNDLE_COMMAND=\"export:embed\"\nfi\n\n# Source .xcode.env.updates if it exists to allow\n# SKIP_BUNDLING to be unset if needed\nif [[ -f \"$PODS_ROOT/../.xcode.env.updates\" ]]; then\n  source \"$PODS_ROOT/../.xcode.env.updates\"\nfi\n# Source local changes to allow overrides\n# if needed\nif [[ -f \"$PODS_ROOT/../.xcode.env.local\" ]]; then\n  source \"$PODS_ROOT/../.xcode.env.local\"\nfi\n\n`\"$NODE_BINARY\" --print \"require('path').dirname(require.resolve('react-native/package.json')) + '/scripts/react-native-xcode.sh'\"`\n\n";
		};
		08A4A3CD28434E44B6B9DE2E /* [CP] Check Pods Manifest.lock */ = {
			isa = PBXShellScriptBuildPhase;
			buildActionMask = 2147483647;
			files = (
			);
			inputFileListPaths = (
			);
			inputPaths = (
				"${PODS_PODFILE_DIR_PATH}/Podfile.lock",
				"${PODS_ROOT}/Manifest.lock",
			);
			name = "[CP] Check Pods Manifest.lock";
			outputFileListPaths = (
			);
			outputPaths = (
				"$(DERIVED_FILE_DIR)/Pods-ShiaAthanQuran-checkManifestLockResult.txt",
			);
			runOnlyForDeploymentPostprocessing = 0;
			shellPath = /bin/sh;
			shellScript = "diff \"${PODS_PODFILE_DIR_PATH}/Podfile.lock\" \"${PODS_ROOT}/Manifest.lock\" > /dev/null\nif [ $? != 0 ] ; then\n    # print error to STDERR\n    echo \"error: The sandbox is not in sync with the Podfile.lock. Run 'pod install' or update your CocoaPods installation.\" >&2\n    exit 1\nfi\n# This output is used by Xcode 'outputs' to avoid re-running this script phase.\necho \"SUCCESS\" > \"${SCRIPT_OUTPUT_FILE_0}\"\n";
			showEnvVarsInLog = 0;
		};
		66B37EF9BA24B0C915BEE41B /* [Expo] Configure project */ = {
			isa = PBXShellScriptBuildPhase;
			alwaysOutOfDate = 1;
			buildActionMask = 2147483647;
			files = (
			);
			inputFileListPaths = (
			);
			inputPaths = (
				"$(SRCROOT)/.xcode.env",
				"$(SRCROOT)/.xcode.env.local",
				"$(SRCROOT)/ShiaAthanQuran/ShiaAthanQuran.entitlements",
				"$(SRCROOT)/Pods/Target Support Files/Pods-ShiaAthanQuran/expo-configure-project.sh",
			);
			name = "[Expo] Configure project";
			outputFileListPaths = (
			);
			outputPaths = (
				"$(SRCROOT)/Pods/Target Support Files/Pods-ShiaAthanQuran/ExpoModulesProvider.swift",
			);
			runOnlyForDeploymentPostprocessing = 0;
			shellPath = /bin/sh;
			shellScript = "# This script configures Expo modules and generates the modules provider file.\nbash -l -c \"./Pods/Target\\ Support\\ Files/Pods-ShiaAthanQuran/expo-configure-project.sh\"\n";
		};
		800E24972A6A228C8D4807E9 /* [CP] Copy Pods Resources */ = {
			isa = PBXShellScriptBuildPhase;
			buildActionMask = 2147483647;
			files = (
			);
			inputPaths = (
				"${PODS_ROOT}/Target Support Files/Pods-ShiaAthanQuran/Pods-ShiaAthanQuran-resources.sh",
				"${PODS_CONFIGURATION_BUILD_DIR}/EXApplication/ExpoApplication_privacy.bundle",
				"${PODS_CONFIGURATION_BUILD_DIR}/EXConstants/EXConstants.bundle",
				"${PODS_CONFIGURATION_BUILD_DIR}/EXConstants/ExpoConstants_privacy.bundle",
				"${PODS_CONFIGURATION_BUILD_DIR}/ExpoDevice/ExpoDevice_privacy.bundle",
				"${PODS_CONFIGURATION_BUILD_DIR}/ExpoFileSystem/ExpoFileSystem_privacy.bundle",
				"${PODS_CONFIGURATION_BUILD_DIR}/ExpoNotifications/ExpoNotifications_privacy.bundle",
				"${PODS_CONFIGURATION_BUILD_DIR}/RNCAsyncStorage/RNCAsyncStorage_resources.bundle",
				"${PODS_CONFIGURATION_BUILD_DIR}/React-Core/React-Core_privacy.bundle",
				"${PODS_CONFIGURATION_BUILD_DIR}/React-cxxreact/React-cxxreact_privacy.bundle",
				"${PODS_CONFIGURATION_BUILD_DIR}/SDWebImage/SDWebImage.bundle",
			);
			name = "[CP] Copy Pods Resources";
			outputPaths = (
				"${TARGET_BUILD_DIR}/${UNLOCALIZED_RESOURCES_FOLDER_PATH}/ExpoApplication_privacy.bundle",
				"${TARGET_BUILD_DIR}/${UNLOCALIZED_RESOURCES_FOLDER_PATH}/EXConstants.bundle",
				"${TARGET_BUILD_DIR}/${UNLOCALIZED_RESOURCES_FOLDER_PATH}/ExpoConstants_privacy.bundle",
				"${TARGET_BUILD_DIR}/${UNLOCALIZED_RESOURCES_FOLDER_PATH}/ExpoDevice_privacy.bundle",
				"${TARGET_BUILD_DIR}/${UNLOCALIZED_RESOURCES_FOLDER_PATH}/ExpoFileSystem_privacy.bundle",
				"${TARGET_BUILD_DIR}/${UNLOCALIZED_RESOURCES_FOLDER_PATH}/ExpoNotifications_privacy.bundle",
				"${TARGET_BUILD_DIR}/${UNLOCALIZED_RESOURCES_FOLDER_PATH}/RNCAsyncStorage_resources.bundle",
				"${TARGET_BUILD_DIR}/${UNLOCALIZED_RESOURCES_FOLDER_PATH}/React-Core_privacy.bundle",
				"${TARGET_BUILD_DIR}/${UNLOCALIZED_RESOURCES_FOLDER_PATH}/React-cxxreact_privacy.bundle",
				"${TARGET_BUILD_DIR}/${UNLOCALIZED_RESOURCES_FOLDER_PATH}/SDWebImage.bundle",
			);
			runOnlyForDeploymentPostprocessing = 0;
			shellPath = /bin/sh;
			shellScript = "\"${PODS_ROOT}/Target Support Files/Pods-ShiaAthanQuran/Pods-ShiaAthanQuran-resources.sh\"\n";
			showEnvVarsInLog = 0;
		};
		E21E3161CFD60156FCD39621 /* [CP] Embed Pods Frameworks */ = {
			isa = PBXShellScriptBuildPhase;
			buildActionMask = 2147483647;
			files = (
			);
			inputPaths = (
				"${PODS_ROOT}/Target Support Files/Pods-ShiaAthanQuran/Pods-ShiaAthanQuran-frameworks.sh",
				"${PODS_XCFRAMEWORKS_BUILD_DIR}/React-Core-prebuilt/React.framework/React",
				"${PODS_XCFRAMEWORKS_BUILD_DIR}/ReactNativeDependencies/ReactNativeDependencies.framework/ReactNativeDependencies",
				"${PODS_XCFRAMEWORKS_BUILD_DIR}/hermes-engine/Pre-built/hermesvm.framework/hermesvm",
			);
			name = "[CP] Embed Pods Frameworks";
			outputPaths = (
				"${TARGET_BUILD_DIR}/${FRAMEWORKS_FOLDER_PATH}/React.framework",
				"${TARGET_BUILD_DIR}/${FRAMEWORKS_FOLDER_PATH}/ReactNativeDependencies.framework",
				"${TARGET_BUILD_DIR}/${FRAMEWORKS_FOLDER_PATH}/hermesvm.framework",
			);
			runOnlyForDeploymentPostprocessing = 0;
			shellPath = /bin/sh;
			shellScript = "\"${PODS_ROOT}/Target Support Files/Pods-ShiaAthanQuran/Pods-ShiaAthanQuran-frameworks.sh\"\n";
			showEnvVarsInLog = 0;
		};
/* End PBXShellScriptBuildPhase section */

/* Begin PBXSourcesBuildPhase section */
		13B07F871A680F5B00A75B9A /* Sources */ = {
			isa = PBXSourcesBuildPhase;
			buildActionMask = 2147483647;
			files = (
				F11748422D0307B40044C1D9 /* AppDelegate.swift in Sources */,
				A70000000000000000000021 /* AthanWidgetBridge.swift in Sources */,
				A70000000000000000000022 /* AthanWidgetBridge.m in Sources */,
				7248B2D98EAACEC9C4F09163 /* ExpoModulesProvider.swift in Sources */,
				A1B2C3D4E5F60718293A4B5C /* ExpoUIColorPicker.m in Sources */,
				C1D2E3F4A5B60718293A4B5C /* CityMenuButton.m in Sources */,
			);
			runOnlyForDeploymentPostprocessing = 0;
		};
		A70000000000000000000031 /* Sources */ = {
			isa = PBXSourcesBuildPhase;
			buildActionMask = 2147483647;
			files = (
				A70000000000000000000020 /* AthanWidgetBundle.swift in Sources */,
			);
			runOnlyForDeploymentPostprocessing = 0;
		};
		C4FBFEED0FD84166A7CAE7E3 /* Sources */ = {
			isa = PBXSourcesBuildPhase;
			buildActionMask = 2147483647;
			files = (
			);
			runOnlyForDeploymentPostprocessing = 0;
		};
		EE86DE9654DF4B579D4BD564 /* Sources */ = {
			isa = PBXSourcesBuildPhase;
			buildActionMask = 2147483647;
			files = (
				2A3EC6BC263D4B81B421F907 /* AthanWatchApp.swift in Sources */,
				8D65BCBA4D3E40CFA880CF1A /* AthanWatchConnectivity.swift in Sources */,
			);
			runOnlyForDeploymentPostprocessing = 0;
		};
/* End PBXSourcesBuildPhase section */

/* Begin PBXTargetDependency section */
		A70000000000000000000061 /* PBXTargetDependency */ = {
			isa = PBXTargetDependency;
			target = A70000000000000000000050 /* AthanWidgetExtension */;
			targetProxy = A70000000000000000000060 /* PBXContainerItemProxy */;
		};
		D272AF72DBF64567BBED807B /* PBXTargetDependency */ = {
			isa = PBXTargetDependency;
			target = DD1AC6C78AD043DD8AE76588 /* "AthanWatchApp" */;
			targetProxy = C2EC035A9F3F4DF5BBDA5377 /* PBXContainerItemProxy */;
		};
		A5377C15723A46B7964CD0D2 /* PBXTargetDependency */ = {
			isa = PBXTargetDependency;
			target = 7AD503C24F0D42419F68A22E /* "AthanWatchExtension" */;
			targetProxy = 918EE605EEE44808B9137805 /* PBXContainerItemProxy */;
		};
/* End PBXTargetDependency section */

/* Begin XCBuildConfiguration section */
		13B07F941A680F5B00A75B9A /* Debug */ = {
			isa = XCBuildConfiguration;
			baseConfigurationReference = DE3B7BB5D4255D38AA917E08 /* Pods-ShiaAthanQuran.debug.xcconfig */;
			buildSettings = {
				ASSETCATALOG_COMPILER_APPICON_NAME = AppIcon;
				CLANG_ENABLE_MODULES = YES;
				CODE_SIGN_ENTITLEMENTS = ShiaAthanQuran/ShiaAthanQuran.entitlements;
				CURRENT_PROJECT_VERSION = 1;
				ENABLE_BITCODE = NO;
				GCC_PREPROCESSOR_DEFINITIONS = (
					"$(inherited)",
					"FB_SONARKIT_ENABLED=1",
				);
				INFOPLIST_FILE = ShiaAthanQuran/Info.plist;
				IPHONEOS_DEPLOYMENT_TARGET = 15.1;
				LD_RUNPATH_SEARCH_PATHS = (
					"$(inherited)",
					"@executable_path/Frameworks",
				);
				MARKETING_VERSION = 1.0;
				OTHER_LDFLAGS = (
					"$(inherited)",
					"-ObjC",
					"-lc++",
				);
				OTHER_SWIFT_FLAGS = "$(inherited) -D EXPO_CONFIGURATION_DEBUG";
				PRODUCT_BUNDLE_IDENTIFIER = "com.anonymous.shia-athan-quran";
				PRODUCT_NAME = ShiaAthanQuran;
				SWIFT_OBJC_BRIDGING_HEADER = "ShiaAthanQuran/ShiaAthanQuran-Bridging-Header.h";
				SWIFT_OPTIMIZATION_LEVEL = "-Onone";
				SWIFT_VERSION = 5.0;
				TARGETED_DEVICE_FAMILY = "1,2";
				VERSIONING_SYSTEM = "apple-generic";
			};
			name = Debug;
		};
		13B07F951A680F5B00A75B9A /* Release */ = {
			isa = XCBuildConfiguration;
			baseConfigurationReference = 48AFDBC56931C21345FF163F /* Pods-ShiaAthanQuran.release.xcconfig */;
			buildSettings = {
				ASSETCATALOG_COMPILER_APPICON_NAME = AppIcon;
				CLANG_ENABLE_MODULES = YES;
				CODE_SIGN_ENTITLEMENTS = ShiaAthanQuran/ShiaAthanQuran.entitlements;
				CURRENT_PROJECT_VERSION = 1;
				INFOPLIST_FILE = ShiaAthanQuran/Info.plist;
				IPHONEOS_DEPLOYMENT_TARGET = 15.1;
				LD_RUNPATH_SEARCH_PATHS = (
					"$(inherited)",
					"@executable_path/Frameworks",
				);
				MARKETING_VERSION = 1.0;
				OTHER_LDFLAGS = (
					"$(inherited)",
					"-ObjC",
					"-lc++",
				);
				OTHER_SWIFT_FLAGS = "$(inherited) -D EXPO_CONFIGURATION_RELEASE";
				PRODUCT_BUNDLE_IDENTIFIER = "com.anonymous.shia-athan-quran";
				PRODUCT_NAME = ShiaAthanQuran;
				SWIFT_OBJC_BRIDGING_HEADER = "ShiaAthanQuran/ShiaAthanQuran-Bridging-Header.h";
				SWIFT_VERSION = 5.0;
				TARGETED_DEVICE_FAMILY = "1,2";
				VERSIONING_SYSTEM = "apple-generic";
			};
			name = Release;
		};
		A70000000000000000000052 /* Debug */ = {
			isa = XCBuildConfiguration;
			buildSettings = {
				APPLICATION_EXTENSION_API_ONLY = YES;
				CODE_SIGN_ENTITLEMENTS = AthanWidgetExtension/AthanWidgetExtension.entitlements;
				CURRENT_PROJECT_VERSION = 1;
				GENERATE_INFOPLIST_FILE = NO;
				INFOPLIST_FILE = AthanWidgetExtension/Info.plist;
				IPHONEOS_DEPLOYMENT_TARGET = 15.1;
				LD_RUNPATH_SEARCH_PATHS = (
					"$(inherited)",
					"@executable_path/Frameworks",
					"@executable_path/../../Frameworks",
				);
				MARKETING_VERSION = 1.0;
				PRODUCT_BUNDLE_IDENTIFIER = "com.anonymous.shia-athan-quran.AthanWidgetExtension";
				PRODUCT_NAME = "$(TARGET_NAME)";
				SKIP_INSTALL = YES;
				SWIFT_ACTIVE_COMPILATION_CONDITIONS = "$(inherited) DEBUG";
				SWIFT_VERSION = 5.0;
				TARGETED_DEVICE_FAMILY = "1,2";
			};
			name = Debug;
		};
		A70000000000000000000053 /* Release */ = {
			isa = XCBuildConfiguration;
			buildSettings = {
				APPLICATION_EXTENSION_API_ONLY = YES;
				CODE_SIGN_ENTITLEMENTS = AthanWidgetExtension/AthanWidgetExtension.entitlements;
				CURRENT_PROJECT_VERSION = 1;
				GENERATE_INFOPLIST_FILE = NO;
				INFOPLIST_FILE = AthanWidgetExtension/Info.plist;
				IPHONEOS_DEPLOYMENT_TARGET = 15.1;
				LD_RUNPATH_SEARCH_PATHS = (
					"$(inherited)",
					"@executable_path/Frameworks",
					"@executable_path/../../Frameworks",
				);
				MARKETING_VERSION = 1.0;
				PRODUCT_BUNDLE_IDENTIFIER = "com.anonymous.shia-athan-quran.AthanWidgetExtension";
				PRODUCT_NAME = "$(TARGET_NAME)";
				SKIP_INSTALL = YES;
				SWIFT_VERSION = 5.0;
				TARGETED_DEVICE_FAMILY = "1,2";
			};
			name = Release;
		};
		83CBBA201A601CBA00E9B192 /* Debug */ = {
			isa = XCBuildConfiguration;
			buildSettings = {
				ALWAYS_SEARCH_USER_PATHS = NO;
				CLANG_ANALYZER_LOCALIZABILITY_NONLOCALIZED = YES;
				CLANG_CXX_LANGUAGE_STANDARD = "c++20";
				CLANG_CXX_LIBRARY = "libc++";
				CLANG_ENABLE_MODULES = YES;
				CLANG_ENABLE_OBJC_ARC = YES;
				CLANG_WARN_BLOCK_CAPTURE_AUTORELEASING = YES;
				CLANG_WARN_BOOL_CONVERSION = YES;
				CLANG_WARN_COMMA = YES;
				CLANG_WARN_CONSTANT_CONVERSION = YES;
				CLANG_WARN_DEPRECATED_OBJC_IMPLEMENTATIONS = YES;
				CLANG_WARN_DIRECT_OBJC_ISA_USAGE = YES_ERROR;
				CLANG_WARN_EMPTY_BODY = YES;
				CLANG_WARN_ENUM_CONVERSION = YES;
				CLANG_WARN_INFINITE_RECURSION = YES;
				CLANG_WARN_INT_CONVERSION = YES;
				CLANG_WARN_NON_LITERAL_NULL_CONVERSION = YES;
				CLANG_WARN_OBJC_IMPLICIT_RETAIN_SELF = YES;
				CLANG_WARN_OBJC_LITERAL_CONVERSION = YES;
				CLANG_WARN_OBJC_ROOT_CLASS = YES_ERROR;
				CLANG_WARN_RANGE_LOOP_ANALYSIS = YES;
				CLANG_WARN_STRICT_PROTOTYPES = YES;
				CLANG_WARN_SUSPICIOUS_MOVE = YES;
				CLANG_WARN_UNREACHABLE_CODE = YES;
				CLANG_WARN__DUPLICATE_METHOD_MATCH = YES;
				"CODE_SIGN_IDENTITY[sdk=iphoneos*]" = "iPhone Developer";
				COPY_PHASE_STRIP = NO;
				ENABLE_STRICT_OBJC_MSGSEND = YES;
				ENABLE_TESTABILITY = YES;
				GCC_C_LANGUAGE_STANDARD = gnu99;
				GCC_DYNAMIC_NO_PIC = NO;
				GCC_NO_COMMON_BLOCKS = YES;
				GCC_OPTIMIZATION_LEVEL = 0;
				GCC_PREPROCESSOR_DEFINITIONS = (
					"DEBUG=1",
					"$(inherited)",
				);
				GCC_SYMBOLS_PRIVATE_EXTERN = NO;
				GCC_WARN_64_TO_32_BIT_CONVERSION = YES;
				GCC_WARN_ABOUT_RETURN_TYPE = YES_ERROR;
				GCC_WARN_UNDECLARED_SELECTOR = YES;
				GCC_WARN_UNINITIALIZED_AUTOS = YES_AGGRESSIVE;
				GCC_WARN_UNUSED_FUNCTION = YES;
				GCC_WARN_UNUSED_VARIABLE = YES;
				IPHONEOS_DEPLOYMENT_TARGET = 15.1;
				LD_RUNPATH_SEARCH_PATHS = (
					/usr/lib/swift,
					"$(inherited)",
				);
				LIBRARY_SEARCH_PATHS = "$(SDKROOT)/usr/lib/swift\"$(inherited)\"";
				MTL_ENABLE_DEBUG_INFO = YES;
				ONLY_ACTIVE_ARCH = YES;
				OTHER_CFLAGS = "$(inherited)";
				OTHER_CPLUSPLUSFLAGS = "$(inherited)";
				REACT_NATIVE_PATH = "${PODS_ROOT}/../../node_modules/react-native";
				SDKROOT = iphoneos;
				SWIFT_ACTIVE_COMPILATION_CONDITIONS = "$(inherited) DEBUG";
				SWIFT_ENABLE_EXPLICIT_MODULES = NO;
				USE_HERMES = true;
			};
			name = Debug;
		};
		83CBBA211A601CBA00E9B192 /* Release */ = {
			isa = XCBuildConfiguration;
			buildSettings = {
				ALWAYS_SEARCH_USER_PATHS = NO;
				CLANG_ANALYZER_LOCALIZABILITY_NONLOCALIZED = YES;
				CLANG_CXX_LANGUAGE_STANDARD = "c++20";
				CLANG_CXX_LIBRARY = "libc++";
				CLANG_ENABLE_MODULES = YES;
				CLANG_ENABLE_OBJC_ARC = YES;
				CLANG_WARN_BLOCK_CAPTURE_AUTORELEASING = YES;
				CLANG_WARN_BOOL_CONVERSION = YES;
				CLANG_WARN_COMMA = YES;
				CLANG_WARN_CONSTANT_CONVERSION = YES;
				CLANG_WARN_DEPRECATED_OBJC_IMPLEMENTATIONS = YES;
				CLANG_WARN_DIRECT_OBJC_ISA_USAGE = YES_ERROR;
				CLANG_WARN_EMPTY_BODY = YES;
				CLANG_WARN_ENUM_CONVERSION = YES;
				CLANG_WARN_INFINITE_RECURSION = YES;
				CLANG_WARN_INT_CONVERSION = YES;
				CLANG_WARN_NON_LITERAL_NULL_CONVERSION = YES;
				CLANG_WARN_OBJC_IMPLICIT_RETAIN_SELF = YES;
				CLANG_WARN_OBJC_LITERAL_CONVERSION = YES;
				CLANG_WARN_OBJC_ROOT_CLASS = YES_ERROR;
				CLANG_WARN_RANGE_LOOP_ANALYSIS = YES;
				CLANG_WARN_STRICT_PROTOTYPES = YES;
				CLANG_WARN_SUSPICIOUS_MOVE = YES;
				CLANG_WARN_UNREACHABLE_CODE = YES;
				CLANG_WARN__DUPLICATE_METHOD_MATCH = YES;
				"CODE_SIGN_IDENTITY[sdk=iphoneos*]" = "iPhone Developer";
				COPY_PHASE_STRIP = YES;
				ENABLE_NS_ASSERTIONS = NO;
				ENABLE_STRICT_OBJC_MSGSEND = YES;
				GCC_C_LANGUAGE_STANDARD = gnu99;
				GCC_NO_COMMON_BLOCKS = YES;
				GCC_WARN_64_TO_32_BIT_CONVERSION = YES;
				GCC_WARN_ABOUT_RETURN_TYPE = YES_ERROR;
				GCC_WARN_UNDECLARED_SELECTOR = YES;
				GCC_WARN_UNINITIALIZED_AUTOS = YES_AGGRESSIVE;
				GCC_WARN_UNUSED_FUNCTION = YES;
				GCC_WARN_UNUSED_VARIABLE = YES;
				IPHONEOS_DEPLOYMENT_TARGET = 15.1;
				LD_RUNPATH_SEARCH_PATHS = (
					/usr/lib/swift,
					"$(inherited)",
				);
				LIBRARY_SEARCH_PATHS = "$(SDKROOT)/usr/lib/swift\"$(inherited)\"";
				MTL_ENABLE_DEBUG_INFO = NO;
				OTHER_CFLAGS = "$(inherited)";
				OTHER_CPLUSPLUSFLAGS = "$(inherited)";
				REACT_NATIVE_PATH = "${PODS_ROOT}/../../node_modules/react-native";
				SDKROOT = iphoneos;
				SWIFT_ENABLE_EXPLICIT_MODULES = NO;
				USE_HERMES = true;
				VALIDATE_PRODUCT = YES;
			};
			name = Release;
		};
		80E745407C864431A9678202 /* Debug */ = {
			name = Debug;
			isa = XCBuildConfiguration;
			buildSettings = {
				CURRENT_PROJECT_VERSION = 1;
				GENERATE_INFOPLIST_FILE = NO;
				GCC_PREPROCESSOR_DEFINITIONS = (
					"DEBUG=1",
					"$(inherited)",
				);
				INFOPLIST_FILE = AthanWatchApp/Info.plist;
				MARKETING_VERSION = 1.0;
				PRODUCT_BUNDLE_IDENTIFIER = "com.anonymous.shia-athan-quran.watchkitapp";
				PRODUCT_NAME = "$(TARGET_NAME)";
				SDKROOT = watchos;
				SKIP_INSTALL = YES;
				SWIFT_VERSION = 5.0;
				TARGETED_DEVICE_FAMILY = 4;
				WATCHOS_DEPLOYMENT_TARGET = 10.0;
			};
		};
		8D17428054CC451C85135E39 /* Release */ = {
			name = Release;
			isa = XCBuildConfiguration;
			buildSettings = {
				CURRENT_PROJECT_VERSION = 1;
				GENERATE_INFOPLIST_FILE = NO;
				INFOPLIST_FILE = AthanWatchApp/Info.plist;
				MARKETING_VERSION = 1.0;
				PRODUCT_BUNDLE_IDENTIFIER = "com.anonymous.shia-athan-quran.watchkitapp";
				PRODUCT_NAME = "$(TARGET_NAME)";
				SDKROOT = watchos;
				SKIP_INSTALL = YES;
				SWIFT_VERSION = 5.0;
				TARGETED_DEVICE_FAMILY = 4;
				WATCHOS_DEPLOYMENT_TARGET = 10.0;
			};
		};
		77A9D28036BB4AF783239F3D /* Debug */ = {
			name = Debug;
			isa = XCBuildConfiguration;
			buildSettings = {
				APPLICATION_EXTENSION_API_ONLY = YES;
				CODE_SIGN_ENTITLEMENTS = AthanWatchExtension/AthanWatchExtension.entitlements;
				CURRENT_PROJECT_VERSION = 1;
				GENERATE_INFOPLIST_FILE = NO;
				GCC_PREPROCESSOR_DEFINITIONS = (
					"DEBUG=1",
					"$(inherited)",
				);
				INFOPLIST_FILE = AthanWatchExtension/Info.plist;
				LD_RUNPATH_SEARCH_PATHS = (
					"$(inherited)",
					"@executable_path/Frameworks",
					"@executable_path/../../Frameworks",
				);
				MARKETING_VERSION = 1.0;
				PRODUCT_BUNDLE_IDENTIFIER = "com.anonymous.shia-athan-quran.watchkitapp.watchkitextension";
				PRODUCT_NAME = "$(TARGET_NAME)";
				SDKROOT = watchos;
				SKIP_INSTALL = YES;
				SWIFT_ACTIVE_COMPILATION_CONDITIONS = "$(inherited) DEBUG";
				SWIFT_VERSION = 5.0;
				TARGETED_DEVICE_FAMILY = 4;
				WATCHOS_DEPLOYMENT_TARGET = 10.0;
			};
		};
		F7EF938C17164C469364902F /* Release */ = {
			name = Release;
			isa = XCBuildConfiguration;
			buildSettings = {
				APPLICATION_EXTENSION_API_ONLY = YES;
				CODE_SIGN_ENTITLEMENTS = AthanWatchExtension/AthanWatchExtension.entitlements;
				CURRENT_PROJECT_VERSION = 1;
				GENERATE_INFOPLIST_FILE = NO;
				INFOPLIST_FILE = AthanWatchExtension/Info.plist;
				LD_RUNPATH_SEARCH_PATHS = (
					"$(inherited)",
					"@executable_path/Frameworks",
					"@executable_path/../../Frameworks",
				);
				MARKETING_VERSION = 1.0;
				PRODUCT_BUNDLE_IDENTIFIER = "com.anonymous.shia-athan-quran.watchkitapp.watchkitextension";
				PRODUCT_NAME = "$(TARGET_NAME)";
				SDKROOT = watchos;
				SKIP_INSTALL = YES;
				SWIFT_VERSION = 5.0;
				TARGETED_DEVICE_FAMILY = 4;
				WATCHOS_DEPLOYMENT_TARGET = 10.0;
			};
		};
/* End XCBuildConfiguration section */

/* Begin XCConfigurationList section */
		13B07F931A680F5B00A75B9A /* Build configuration list for PBXNativeTarget "ShiaAthanQuran" */ = {
			isa = XCConfigurationList;
			buildConfigurations = (
				13B07F941A680F5B00A75B9A /* Debug */,
				13B07F951A680F5B00A75B9A /* Release */,
			);
			defaultConfigurationIsVisible = 0;
			defaultConfigurationName = Release;
		};
		A70000000000000000000051 /* Build configuration list for PBXNativeTarget "AthanWidgetExtension" */ = {
			isa = XCConfigurationList;
			buildConfigurations = (
				A70000000000000000000052 /* Debug */,
				A70000000000000000000053 /* Release */,
			);
			defaultConfigurationIsVisible = 0;
			defaultConfigurationName = Release;
		};
		83CBB9FA1A601CBA00E9B192 /* Build configuration list for PBXProject "ShiaAthanQuran" */ = {
			isa = XCConfigurationList;
			buildConfigurations = (
				83CBBA201A601CBA00E9B192 /* Debug */,
				83CBBA211A601CBA00E9B192 /* Release */,
			);
			defaultConfigurationIsVisible = 0;
			defaultConfigurationName = Release;
		};
		C3177F55398946E5A0CA4F4A /* Build configuration list for PBXNativeTarget "AthanWatchApp" */ = {
			isa = XCConfigurationList;
			buildConfigurations = (
				80E745407C864431A9678202 /* Debug */,
				8D17428054CC451C85135E39 /* Release */,
			);
			defaultConfigurationIsVisible = 0;
			defaultConfigurationName = Release;
		};
		F0437620DB05485688BDA395 /* Build configuration list for PBXNativeTarget "AthanWatchExtension" */ = {
			isa = XCConfigurationList;
			buildConfigurations = (
				77A9D28036BB4AF783239F3D /* Debug */,
				F7EF938C17164C469364902F /* Release */,
			);
			defaultConfigurationIsVisible = 0;
			defaultConfigurationName = Release;
		};
/* End XCConfigurationList section */
	};
	rootObject = 83CBB9F71A601CBA00E9B192 /* Project object */;
}
